
Microsoft Visual Studio Solution File, Format Version 12.00
# 
Project("{FAE04EC0-301F-11D3-BF4B-00C04F79EFBC}") = "Predictorator", "Predictorator\Predictorator.csproj", "{34F2A542-B923-4B85-A1FF-D7925C7FD3D2}"
EndProject
Project("{FAE04EC0-301F-11D3-BF4B-00C04F79EFBC}") = "Predictorator.Tests", "Predictorator.Tests\Predictorator.Tests.csproj", "{F541117F-2A6B-4C52-A5D2-AA1862DE245A}"
EndProject
Project("{FAE04EC0-301F-11D3-BF4B-00C04F79EFBC}") = "Predictorator.UiTests", "Predictorator.UiTests\Predictorator.UiTests.csproj", "{F76B25B1-9631-493C-8BC7-AF727EC6EDA9}"
EndProject
Global
	GlobalSection(SolutionConfigurationPlatforms) = preSolution
		Debug|Any CPU = Debug|Any CPU
		Release|Any CPU = Release|Any CPU
	EndGlobalSection
	GlobalSection(ProjectConfigurationPlatforms) = postSolution
		{34F2A542-B923-4B85-A1FF-D7925C7FD3D2}.Debug|Any CPU.ActiveCfg = Debug|Any CPU
		{34F2A542-B923-4B85-A1FF-D7925C7FD3D2}.Debug|Any CPU.Build.0 = Debug|Any CPU
		{34F2A542-B923-4B85-A1FF-D7925C7FD3D2}.Release|Any CPU.ActiveCfg = Release|Any CPU
		{34F2A542-B923-4B85-A1FF-D7925C7FD3D2}.Release|Any CPU.Build.0 = Release|Any CPU
		{F541117F-2A6B-4C52-A5D2-AA1862DE245A}.Debug|Any CPU.ActiveCfg = Debug|Any CPU
		{F541117F-2A6B-4C52-A5D2-AA1862DE245A}.Debug|Any CPU.Build.0 = Debug|Any CPU
		{F541117F-2A6B-4C52-A5D2-AA1862DE245A}.Release|Any CPU.ActiveCfg = Release|Any CPU
                {F541117F-2A6B-4C52-A5D2-AA1862DE245A}.Release|Any CPU.Build.0 = Release|Any CPU
                {F76B25B1-9631-493C-8BC7-AF727EC6EDA9}.Debug|Any CPU.ActiveCfg = Debug|Any CPU
                {F76B25B1-9631-493C-8BC7-AF727EC6EDA9}.Debug|Any CPU.Build.0 = Debug|Any CPU
                {F76B25B1-9631-493C-8BC7-AF727EC6EDA9}.Release|Any CPU.ActiveCfg = Release|Any CPU
                {F76B25B1-9631-493C-8BC7-AF727EC6EDA9}.Release|Any CPU.Build.0 = Release|Any CPU
        EndGlobalSection
EndGlobal
